
Microsoft Visual Studio Solution File, Format Version 12.00
# Visual Studio Version 16
VisualStudioVersion = 16.0.28803.352
MinimumVisualStudioVersion = 10.0.40219.1
Project("{FAE04EC0-301F-11D3-BF4B-00C04F79EFBC}") = "lab12-3Dshapes", "lab12-3Dshapes\lab12-3Dshapes.csproj", "{ACC0A8D8-AADB-4E8E-B0FF-F02C9D13ED93}"
EndProject
Global
	GlobalSection(SolutionConfigurationPlatforms) = preSolution
		Debug|Any CPU = Debug|Any CPU
		Release|Any CPU = Release|Any CPU
	EndGlobalSection
	GlobalSection(ProjectConfigurationPlatforms) = postSolution
		{ACC0A8D8-AADB-4E8E-B0FF-F02C9D13ED93}.Debug|Any CPU.ActiveCfg = Debug|Any CPU
		{ACC0A8D8-AADB-4E8E-B0FF-F02C9D13ED93}.Debug|Any CPU.Build.0 = Debug|Any CPU
		{ACC0A8D8-AADB-4E8E-B0FF-F02C9D13ED93}.Release|Any CPU.ActiveCfg = Release|Any CPU
		{ACC0A8D8-AADB-4E8E-B0FF-F02C9D13ED93}.Release|Any CPU.Build.0 = Release|Any CPU
	EndGlobalSection
	GlobalSection(SolutionProperties) = preSolution
		HideSolutionNode = FALSE
	EndGlobalSection
	GlobalSection(ExtensibilityGlobals) = postSolution
		SolutionGuid = {DE5F3635-1027-4F0B-8CEA-E6B208D74717}
	EndGlobalSection
EndGlobal
